
Microsoft Visual Studio Solution File, Format Version 12.00
# Visual Studio Version 17
VisualStudioVersion = 17.5.33530.505
MinimumVisualStudioVersion = 10.0.40219.1
Project("{FAE04EC0-301F-11D3-BF4B-00C04F79EFBC}") = "MVVMToolkit", "MVVMToolkit\MVVMToolkit.csproj", "{C6053FD7-71F9-4CDB-A7E6-023BE420C201}"
EndProject
Global
	GlobalSection(SolutionConfigurationPlatforms) = preSolution
		Debug|Any CPU = Debug|Any CPU
		Release|Any CPU = Release|Any CPU
	EndGlobalSection
	GlobalSection(ProjectConfigurationPlatforms) = postSolution
		{C6053FD7-71F9-4CDB-A7E6-023BE420C201}.Debug|Any CPU.ActiveCfg = Debug|Any CPU
		{C6053FD7-71F9-4CDB-A7E6-023BE420C201}.Debug|Any CPU.Build.0 = Debug|Any CPU
		{C6053FD7-71F9-4CDB-A7E6-023BE420C201}.Release|Any CPU.ActiveCfg = Release|Any CPU
		{C6053FD7-71F9-4CDB-A7E6-023BE420C201}.Release|Any CPU.Build.0 = Release|Any CPU
	EndGlobalSection
	GlobalSection(SolutionProperties) = preSolution
		HideSolutionNode = FALSE
	EndGlobalSection
	GlobalSection(ExtensibilityGlobals) = postSolution
		SolutionGuid = {A89C2357-2391-4BDB-9ED7-40E7622028B7}
	EndGlobalSection
EndGlobal
